
Microsoft Visual Studio Solution File, Format Version 12.00
# Visual Studio Version 16
VisualStudioVersion = 16.0.29519.181
MinimumVisualStudioVersion = 10.0.40219.1
Project("{FAE04EC0-301F-11D3-BF4B-00C04F79EFBC}") = "printer1", "printer1.csproj", "{F921C748-A0E5-47DD-8206-040D0CE6DFE9}"
EndProject
Global
	GlobalSection(SolutionConfigurationPlatforms) = preSolution
		Debug|Any CPU = Debug|Any CPU
		Release|Any CPU = Release|Any CPU
	EndGlobalSection
	GlobalSection(ProjectConfigurationPlatforms) = postSolution
		{F921C748-A0E5-47DD-8206-040D0CE6DFE9}.Debug|Any CPU.ActiveCfg = Debug|Any CPU
		{F921C748-A0E5-47DD-8206-040D0CE6DFE9}.Debug|Any CPU.Build.0 = Debug|Any CPU
		{F921C748-A0E5-47DD-8206-040D0CE6DFE9}.Release|Any CPU.ActiveCfg = Release|Any CPU
		{F921C748-A0E5-47DD-8206-040D0CE6DFE9}.Release|Any CPU.Build.0 = Release|Any CPU
	EndGlobalSection
	GlobalSection(SolutionProperties) = preSolution
		HideSolutionNode = FALSE
	EndGlobalSection
	GlobalSection(ExtensibilityGlobals) = postSolution
		SolutionGuid = {2C5AC4EB-AB91-4015-BCDB-ABCF3AFA2D39}
	EndGlobalSection
EndGlobal
